
Microsoft Visual Studio Solution File, Format Version 12.00
# Visual Studio Version 17
VisualStudioVersion = 17.5.33424.131
MinimumVisualStudioVersion = 10.0.40219.1
Project("{FAE04EC0-301F-11D3-BF4B-00C04F79EFBC}") = "Core", "Core\Core.csproj", "{DCD1FB81-769F-426D-B432-43477A01F091}"
EndProject
Project("{FAE04EC0-301F-11D3-BF4B-00C04F79EFBC}") = "Business", "Business\Business.csproj", "{65D6E117-B935-4B6E-BD2F-1B665507DA2A}"
EndProject
Project("{FAE04EC0-301F-11D3-BF4B-00C04F79EFBC}") = "Entities", "Entities\Entities.csproj", "{5ED86ACD-E0A0-4104-B2A7-49615D4B1C3C}"
EndProject
Project("{FAE04EC0-301F-11D3-BF4B-00C04F79EFBC}") = "DataAccess", "DataAccess\DataAccess.csproj", "{501D7EAE-B221-42E9-ABCB-3D012CABF3C0}"
EndProject
Global
	GlobalSection(SolutionConfigurationPlatforms) = preSolution
		Debug|Any CPU = Debug|Any CPU
		Release|Any CPU = Release|Any CPU
	EndGlobalSection
	GlobalSection(ProjectConfigurationPlatforms) = postSolution
		{DCD1FB81-769F-426D-B432-43477A01F091}.Debug|Any CPU.ActiveCfg = Debug|Any CPU
		{DCD1FB81-769F-426D-B432-43477A01F091}.Debug|Any CPU.Build.0 = Debug|Any CPU
		{DCD1FB81-769F-426D-B432-43477A01F091}.Release|Any CPU.ActiveCfg = Release|Any CPU
		{DCD1FB81-769F-426D-B432-43477A01F091}.Release|Any CPU.Build.0 = Release|Any CPU
		{65D6E117-B935-4B6E-BD2F-1B665507DA2A}.Debug|Any CPU.ActiveCfg = Debug|Any CPU
		{65D6E117-B935-4B6E-BD2F-1B665507DA2A}.Debug|Any CPU.Build.0 = Debug|Any CPU
		{65D6E117-B935-4B6E-BD2F-1B665507DA2A}.Release|Any CPU.ActiveCfg = Release|Any CPU
		{65D6E117-B935-4B6E-BD2F-1B665507DA2A}.Release|Any CPU.Build.0 = Release|Any CPU
		{5ED86ACD-E0A0-4104-B2A7-49615D4B1C3C}.Debug|Any CPU.ActiveCfg = Debug|Any CPU
		{5ED86ACD-E0A0-4104-B2A7-49615D4B1C3C}.Debug|Any CPU.Build.0 = Debug|Any CPU
		{5ED86ACD-E0A0-4104-B2A7-49615D4B1C3C}.Release|Any CPU.ActiveCfg = Release|Any CPU
		{5ED86ACD-E0A0-4104-B2A7-49615D4B1C3C}.Release|Any CPU.Build.0 = Release|Any CPU
		{501D7EAE-B221-42E9-ABCB-3D012CABF3C0}.Debug|Any CPU.ActiveCfg = Debug|Any CPU
		{501D7EAE-B221-42E9-ABCB-3D012CABF3C0}.Debug|Any CPU.Build.0 = Debug|Any CPU
		{501D7EAE-B221-42E9-ABCB-3D012CABF3C0}.Release|Any CPU.ActiveCfg = Release|Any CPU
		{501D7EAE-B221-42E9-ABCB-3D012CABF3C0}.Release|Any CPU.Build.0 = Release|Any CPU
	EndGlobalSection
	GlobalSection(SolutionProperties) = preSolution
		HideSolutionNode = FALSE
	EndGlobalSection
	GlobalSection(ExtensibilityGlobals) = postSolution
		SolutionGuid = {7D6E1AE3-51A6-4C42-B60C-2D47B7528731}
	EndGlobalSection
EndGlobal
